{
  "version": 4,
  "terraform_version": "1.5.7",
  "serial": 5,
  "lineage": "e0308f57-1573-d464-00fc-3a9de81165bc",
  "outputs": {},
  "resources": [
    {
      "mode": "managed",
      "type": "google_container_cluster",
      "name": "mohammed_cluster",
      "provider": "provider[\"registry.terraform.io/hashicorp/google\"]",
      "instances": [
        {
          "schema_version": 2,
          "attributes": {
            "addons_config": [
              {
                "cloudrun_config": [],
                "config_connector_config": [],
                "dns_cache_config": [],
                "gce_persistent_disk_csi_driver_config": [
                  {
                    "enabled": true
                  }
                ],
                "gcp_filestore_csi_driver_config": [],
                "gcs_fuse_csi_driver_config": [],
                "gke_backup_agent_config": [],
                "horizontal_pod_autoscaling": [],
                "http_load_balancing": [],
                "network_policy_config": [
                  {
                    "disabled": true
                  }
                ]
              }
            ],
            "allow_net_admin": null,
            "authenticator_groups_config": [],
            "binary_authorization": [
              {
                "enabled": false,
                "evaluation_mode": ""
              }
            ],
            "cluster_autoscaling": [
              {
                "auto_provisioning_defaults": [],
                "autoscaling_profile": "BALANCED",
                "enabled": false,
                "resource_limits": []
              }
            ],
            "cluster_ipv4_cidr": "10.24.0.0/14",
            "confidential_nodes": [],
            "cost_management_config": [],
            "database_encryption": [
              {
                "key_name": "",
                "state": "DECRYPTED"
              }
            ],
            "datapath_provider": "",
            "default_max_pods_per_node": 110,
            "default_snat_status": [
              {
                "disabled": false
              }
            ],
            "deletion_protection": false,
            "description": "",
            "dns_config": [],
            "enable_autopilot": false,
            "enable_intranode_visibility": false,
            "enable_k8s_beta_apis": [],
            "enable_kubernetes_alpha": false,
            "enable_l4_ilb_subsetting": false,
            "enable_legacy_abac": false,
            "enable_shielded_nodes": true,
            "enable_tpu": false,
            "endpoint": "35.237.189.129",
            "fleet": [],
            "gateway_api_config": [],
            "id": "projects/csci-5409-417319/locations/us-east1/clusters/mohammed-cluster",
            "identity_service_config": [],
            "initial_node_count": 1,
            "ip_allocation_policy": [
              {
                "additional_pod_ranges_config": [],
                "cluster_ipv4_cidr_block": "10.24.0.0/14",
                "cluster_secondary_range_name": "gke-mohammed-cluster-pods-c167667d",
                "pod_cidr_overprovision_config": [
                  {
                    "disabled": false
                  }
                ],
                "services_ipv4_cidr_block": "10.71.160.0/20",
                "services_secondary_range_name": "gke-mohammed-cluster-services-c167667d",
                "stack_type": "IPV4"
              }
            ],
            "label_fingerprint": "a9dc16a7",
            "location": "us-east1",
            "logging_config": [
              {
                "enable_components": [
                  "SYSTEM_COMPONENTS",
                  "WORKLOADS"
                ]
              }
            ],
            "logging_service": "logging.googleapis.com/kubernetes",
            "maintenance_policy": [],
            "master_auth": [
              {
                "client_certificate": "",
                "client_certificate_config": [
                  {
                    "issue_client_certificate": false
                  }
                ],
                "client_key": "",
                "cluster_ca_certificate": "LS0tLS1CRUdJTiBDRVJUSUZJQ0FURS0tLS0tCk1JSUVMVENDQXBXZ0F3SUJBZ0lSQUk3VStRMCtuYnZyVGsvNnFONHJiT3N3RFFZSktvWklodmNOQVFFTEJRQXcKTHpFdE1Dc0dBMVVFQXhNa09XTmpOekl5WVRFdE9HTmtZaTAwT1RNMUxUZzJZVGd0Tm1SaU9ESXhaR0l3TWpNMgpNQ0FYRFRJME1ETXlNekV4TURZeU5Wb1lEekl3TlRRd016RTJNVEl3TmpJMVdqQXZNUzB3S3dZRFZRUURFeVE1ClkyTTNNakpoTVMwNFkyUmlMVFE1TXpVdE9EWmhPQzAyWkdJNE1qRmtZakF5TXpZd2dnR2lNQTBHQ1NxR1NJYjMKRFFFQkFRVUFBNElCandBd2dnR0tBb0lCZ1FDeUhrZFJncjhJell1NnJMY242SDlPelFDa0VpcHNyWmIzRmxzbQowZVI4L0ZoTGRseHM2bG16Ly9yVzFQTDBzTW9KT1NvS21kTFZPaXVxVzRqOWlIVTczOGJRSnJqQWhoc0N2OXpOCk95dW02aDdIWkdpUzF1N2dIc1hod0J2V3QzYmRrU3dBcThGRGRDU3dYMjN4eGZXbldDKzdFVG10YnVJK1FENWUKQjRLNCtzQ3h5OWFrcTNGOXBTTTVVSEdCRUhKeUFPZW5xcjRvYXcyY1VhWjFNeWQzbTZLRDhxSnhmWENDelVpKwo5RGxsN1FDbFhNYUlsVE1pMXp2QlNVUjZZVDVKTlJaUC9ZeWN2aEY4akMxclIwdmh4TkhhMFQ3eGRWSTR1SzFKCjc0Tm9NaFdrVzZsVXRmTXpVYVgrcmorQ3g3c3pTdHRCKzYrcWVSbXhUeWNOZVYvU1R0V2IrdU9qbW9MVGQ5WVUKN0FXc2U5MjBRZFZqMi9YTVFvb3IyZ3RPQk9LYnNtZXVIMWxjYlFFRnk5N1JKSlJDcmg1TDZXOExWMjl4YWt3cwpFOWxxL1Y5UEs3T002WU15ZGhKaXZJdXRUNWM2QWozTm84YnhRU1pneGhDbHdlQkk1dzR4ZWNqem1TQ0VLeFYrClZPK1FRZnhTZ25yMUN6aUVrYUJaM25mTXRaRUNBd0VBQWFOQ01FQXdEZ1lEVlIwUEFRSC9CQVFEQWdJRU1BOEcKQTFVZEV3RUIvd1FGTUFNQkFmOHdIUVlEVlIwT0JCWUVGRjNGb2owS3JEcmJuTzVxOEFIQnJlNG8xS2JqTUEwRwpDU3FHU0liM0RRRUJDd1VBQTRJQmdRQi81anZFdXlvbWdxV1htRC9vbEViTGFtK3NpY0xFdmM0L1Q3c0xrS1VVCkF5Q1N0MGRuSDJyaW5McEZJTUpaQ3Jmd09JQjFnbDZyM0ZqZUswVjZzMHVSNlFPaklxekM5dUhuUzVXN1F2RWkKTlpBMnd0N0paV1Q2M3pzNWoyN0RTRStsNVpIenNWbkxKb25IWG1NS2tPQm9GRDFRSFhDZGlzblpPc1ZqYUk5NgpxMmFNSmU3S1ZuTGdxaFdLZ3hLOGhlWWdqRFZiZ1BvQUhyNDJiQjNiWlFxQWc5V2JkNU1vNnpzS1lyQXM2ckF5CmlNS3RpWTlMRDUvWkhub05FRHBVejk5MWxWY3RtS0t4dGR5QStuMHZLMS9RNmRibFcxZThmb3pnK1pvamdscGYKS3lhZFZ5cUp2ZnhQUGlQMlBjWlZRZi9NaTRaU3hkSEJzSlJHeFRJOUsvTy82Tm5jWUs5ZHZzMi9LdHNrU2dFdAo1bHFuRHlhM2hFSTdTYWxYeGsyZk90MjZSSHhOdkpqdDR0TElvODhVRFAyQWtJNVNKVWZ5MVIzSEJ5WUhhTWpCClNzMzVnSXZaT0IydnNoaG9OOXBSQUxaWi91dm5XdzdmRFhaU0xzVWYrK0VBbEYyQWY5cDI4dkxQOXd3bWFSTEQKdnRiUkY5dmlYbXFTbVBUclZxTDRxWUk9Ci0tLS0tRU5EIENFUlRJRklDQVRFLS0tLS0K"
              }
            ],
            "master_authorized_networks_config": [],
            "master_version": "1.27.8-gke.1067004",
            "mesh_certificates": [],
            "min_master_version": null,
            "monitoring_config": [
              {
                "advanced_datapath_observability_config": [
                  {
                    "enable_metrics": false,
                    "enable_relay": false,
                    "relay_mode": "DISABLED"
                  }
                ],
                "enable_components": [
                  "SYSTEM_COMPONENTS"
                ],
                "managed_prometheus": [
                  {
                    "enabled": true
                  }
                ]
              }
            ],
            "monitoring_service": "monitoring.googleapis.com/kubernetes",
            "name": "mohammed-cluster",
            "network": "projects/csci-5409-417319/global/networks/default",
            "network_policy": [
              {
                "enabled": false,
                "provider": "PROVIDER_UNSPECIFIED"
              }
            ],
            "networking_mode": "VPC_NATIVE",
            "node_config": [
              {
                "advanced_machine_features": [],
                "boot_disk_kms_key": "",
                "confidential_nodes": [],
                "disk_size_gb": 10,
                "disk_type": "pd-standard",
                "effective_taints": [],
                "enable_confidential_storage": false,
                "ephemeral_storage_local_ssd_config": [],
                "fast_socket": [],
                "gcfs_config": [],
                "guest_accelerator": [],
                "gvnic": [],
                "host_maintenance_policy": [],
                "image_type": "COS_CONTAINERD",
                "kubelet_config": [],
                "labels": {},
                "linux_node_config": [],
                "local_nvme_ssd_block_config": [],
                "local_ssd_count": 0,
                "logging_variant": "DEFAULT",
                "machine_type": "e2-micro",
                "metadata": {
                  "disable-legacy-endpoints": "true"
                },
                "min_cpu_platform": "",
                "node_group": "",
                "oauth_scopes": [
                  "https://www.googleapis.com/auth/cloud-platform"
                ],
                "preemptible": false,
                "reservation_affinity": [],
                "resource_labels": null,
                "resource_manager_tags": null,
                "service_account": "default",
                "shielded_instance_config": [
                  {
                    "enable_integrity_monitoring": true,
                    "enable_secure_boot": false
                  }
                ],
                "sole_tenant_config": [],
                "spot": false,
                "tags": null,
                "taint": [],
                "workload_metadata_config": []
              }
            ],
            "node_locations": [
              "us-east1-b",
              "us-east1-c",
              "us-east1-d"
            ],
            "node_pool": [
              {
                "autoscaling": [],
                "initial_node_count": 1,
                "instance_group_urls": [
                  "https://www.googleapis.com/compute/v1/projects/csci-5409-417319/zones/us-east1-b/instanceGroupManagers/gke-mohammed-cluster-default-pool-8f65f007-grp",
                  "https://www.googleapis.com/compute/v1/projects/csci-5409-417319/zones/us-east1-d/instanceGroupManagers/gke-mohammed-cluster-default-pool-34e9229e-grp",
                  "https://www.googleapis.com/compute/v1/projects/csci-5409-417319/zones/us-east1-c/instanceGroupManagers/gke-mohammed-cluster-default-pool-d3a00ea8-grp"
                ],
                "managed_instance_group_urls": [
                  "https://www.googleapis.com/compute/v1/projects/csci-5409-417319/zones/us-east1-b/instanceGroups/gke-mohammed-cluster-default-pool-8f65f007-grp",
                  "https://www.googleapis.com/compute/v1/projects/csci-5409-417319/zones/us-east1-d/instanceGroups/gke-mohammed-cluster-default-pool-34e9229e-grp",
                  "https://www.googleapis.com/compute/v1/projects/csci-5409-417319/zones/us-east1-c/instanceGroups/gke-mohammed-cluster-default-pool-d3a00ea8-grp"
                ],
                "management": [
                  {
                    "auto_repair": true,
                    "auto_upgrade": true
                  }
                ],
                "max_pods_per_node": 110,
                "name": "default-pool",
                "name_prefix": "",
                "network_config": [
                  {
                    "create_pod_range": false,
                    "enable_private_nodes": false,
                    "network_performance_config": [],
                    "pod_cidr_overprovision_config": [],
                    "pod_ipv4_cidr_block": "10.24.0.0/14",
                    "pod_range": "gke-mohammed-cluster-pods-c167667d"
                  }
                ],
                "node_config": [
                  {
                    "advanced_machine_features": [],
                    "boot_disk_kms_key": "",
                    "confidential_nodes": [],
                    "disk_size_gb": 10,
                    "disk_type": "pd-standard",
                    "effective_taints": [],
                    "enable_confidential_storage": false,
                    "ephemeral_storage_local_ssd_config": [],
                    "fast_socket": [],
                    "gcfs_config": [],
                    "guest_accelerator": [],
                    "gvnic": [],
                    "host_maintenance_policy": [],
                    "image_type": "COS_CONTAINERD",
                    "kubelet_config": [],
                    "labels": {},
                    "linux_node_config": [],
                    "local_nvme_ssd_block_config": [],
                    "local_ssd_count": 0,
                    "logging_variant": "DEFAULT",
                    "machine_type": "e2-micro",
                    "metadata": {
                      "disable-legacy-endpoints": "true"
                    },
                    "min_cpu_platform": "",
                    "node_group": "",
                    "oauth_scopes": [
                      "https://www.googleapis.com/auth/cloud-platform"
                    ],
                    "preemptible": false,
                    "reservation_affinity": [],
                    "resource_labels": {},
                    "resource_manager_tags": {},
                    "service_account": "default",
                    "shielded_instance_config": [
                      {
                        "enable_integrity_monitoring": true,
                        "enable_secure_boot": false
                      }
                    ],
                    "sole_tenant_config": [],
                    "spot": false,
                    "tags": [],
                    "taint": [],
                    "workload_metadata_config": []
                  }
                ],
                "node_count": 1,
                "node_locations": [
                  "us-east1-b",
                  "us-east1-c",
                  "us-east1-d"
                ],
                "placement_policy": [],
                "upgrade_settings": [
                  {
                    "blue_green_settings": [],
                    "max_surge": 1,
                    "max_unavailable": 0,
                    "strategy": "SURGE"
                  }
                ],
                "version": "1.27.8-gke.1067004"
              }
            ],
            "node_pool_auto_config": [],
            "node_pool_defaults": [
              {
                "node_config_defaults": [
                  {
                    "logging_variant": "DEFAULT"
                  }
                ]
              }
            ],
            "node_version": "1.27.8-gke.1067004",
            "notification_config": [
              {
                "pubsub": [
                  {
                    "enabled": false,
                    "filter": [],
                    "topic": ""
                  }
                ]
              }
            ],
            "operation": null,
            "private_cluster_config": [
              {
                "enable_private_endpoint": false,
                "enable_private_nodes": false,
                "master_global_access_config": [
                  {
                    "enabled": false
                  }
                ],
                "master_ipv4_cidr_block": "",
                "peering_name": "",
                "private_endpoint": "10.142.0.18",
                "private_endpoint_subnetwork": "",
                "public_endpoint": "35.237.189.129"
              }
            ],
            "private_ipv6_google_access": "",
            "project": "csci-5409-417319",
            "release_channel": [
              {
                "channel": "REGULAR"
              }
            ],
            "remove_default_node_pool": null,
            "resource_labels": null,
            "resource_usage_export_config": [],
            "security_posture_config": [
              {
                "mode": "BASIC",
                "vulnerability_mode": "VULNERABILITY_MODE_UNSPECIFIED"
              }
            ],
            "self_link": "https://container.googleapis.com/v1/projects/csci-5409-417319/locations/us-east1/clusters/mohammed-cluster",
            "service_external_ips_config": [
              {
                "enabled": false
              }
            ],
            "services_ipv4_cidr": "10.71.160.0/20",
            "subnetwork": "projects/csci-5409-417319/regions/us-east1/subnetworks/default",
            "timeouts": null,
            "tpu_ipv4_cidr_block": "",
            "vertical_pod_autoscaling": [],
            "workload_identity_config": []
          },
          "sensitive_attributes": [],
          "private": "eyJlMmJmYjczMC1lY2FhLTExZTYtOGY4OC0zNDM2M2JjN2M0YzAiOnsiY3JlYXRlIjoyNDAwMDAwMDAwMDAwLCJkZWxldGUiOjI0MDAwMDAwMDAwMDAsInJlYWQiOjI0MDAwMDAwMDAwMDAsInVwZGF0ZSI6MzYwMDAwMDAwMDAwMH0sInNjaGVtYV92ZXJzaW9uIjoiMiJ9"
        }
      ]
    }
  ],
  "check_results": null
}
